
Microsoft Visual Studio Solution File, Format Version 12.00
# Visual Studio 15
Project("{FAE04EC0-301F-11D3-BF4B-00C04F79EFBC}") = "VuforiaScripts", "VuforiaScripts.csproj", "{AEDD9D10-6489-5B30-3770-EA53C14CEDB7}"
EndProject
Project("{FAE04EC0-301F-11D3-BF4B-00C04F79EFBC}") = "Assembly-CSharp", "Assembly-CSharp.csproj", "{97812FC5-942F-FB77-AA4B-1A1CC532C894}"
EndProject
Project("{FAE04EC0-301F-11D3-BF4B-00C04F79EFBC}") = "VuforiaEditorScripts", "VuforiaEditorScripts.csproj", "{1ECEA147-7499-D543-5FC9-32A6E46F2606}"
EndProject
Global
	GlobalSection(SolutionConfigurationPlatforms) = preSolution
		Debug|Any CPU = Debug|Any CPU
		Release|Any CPU = Release|Any CPU
	EndGlobalSection
	GlobalSection(ProjectConfigurationPlatforms) = postSolution
		{AEDD9D10-6489-5B30-3770-EA53C14CEDB7}.Debug|Any CPU.ActiveCfg = Debug|Any CPU
		{AEDD9D10-6489-5B30-3770-EA53C14CEDB7}.Debug|Any CPU.Build.0 = Debug|Any CPU
		{AEDD9D10-6489-5B30-3770-EA53C14CEDB7}.Release|Any CPU.ActiveCfg = Release|Any CPU
		{AEDD9D10-6489-5B30-3770-EA53C14CEDB7}.Release|Any CPU.Build.0 = Release|Any CPU
		{97812FC5-942F-FB77-AA4B-1A1CC532C894}.Debug|Any CPU.ActiveCfg = Debug|Any CPU
		{97812FC5-942F-FB77-AA4B-1A1CC532C894}.Debug|Any CPU.Build.0 = Debug|Any CPU
		{97812FC5-942F-FB77-AA4B-1A1CC532C894}.Release|Any CPU.ActiveCfg = Release|Any CPU
		{97812FC5-942F-FB77-AA4B-1A1CC532C894}.Release|Any CPU.Build.0 = Release|Any CPU
		{1ECEA147-7499-D543-5FC9-32A6E46F2606}.Debug|Any CPU.ActiveCfg = Debug|Any CPU
		{1ECEA147-7499-D543-5FC9-32A6E46F2606}.Debug|Any CPU.Build.0 = Debug|Any CPU
		{1ECEA147-7499-D543-5FC9-32A6E46F2606}.Release|Any CPU.ActiveCfg = Release|Any CPU
		{1ECEA147-7499-D543-5FC9-32A6E46F2606}.Release|Any CPU.Build.0 = Release|Any CPU
	EndGlobalSection
	GlobalSection(SolutionProperties) = preSolution
		HideSolutionNode = FALSE
	EndGlobalSection
EndGlobal
